{
  "name": "gestione_utenti",
  "lockfileVersion": 2,
  "requires": true,
  "packages": {
    "": {
      "dependencies": {
        "chart.js": "^4.4.4",
        "echarts": "^5.5.1",
        "vue-chartjs": "^5.3.1",
        "vue-echarts": "^7.0.3",
        "vue-simple-password-meter": "^1.3.4"
      }
    },
    "node_modules/@kurkle/color": {
      "version": "0.3.2",
      "resolved": "https://registry.npmjs.org/@kurkle/color/-/color-0.3.2.tgz",
      "integrity": "sha512-fuscdXJ9G1qb7W8VdHi+IwRqij3lBkosAm4ydQtEmbY58OzHXqQhvlxqEkoz0yssNVn38bcpRWgA9PP+OGoisw=="
    },
    "node_modules/chart.js": {
      "version": "4.4.4",
      "resolved": "https://registry.npmjs.org/chart.js/-/chart.js-4.4.4.tgz",
      "integrity": "sha512-emICKGBABnxhMjUjlYRR12PmOXhJ2eJjEHL2/dZlWjxRAZT1D8xplLFq5M0tMQK8ja+wBS/tuVEJB5C6r7VxJA==",
      "dependencies": {
        "@kurkle/color": "^0.3.0"
      },
      "engines": {
        "pnpm": ">=8"
      }
    },
    "node_modules/echarts": {
      "version": "5.5.1",
      "resolved": "https://registry.npmjs.org/echarts/-/echarts-5.5.1.tgz",
      "integrity": "sha512-Fce8upazaAXUVUVsjgV6mBnGuqgO+JNDlcgF79Dksy4+wgGpQB2lmYoO4TSweFg/mZITdpGHomw/cNBJZj1icA==",
      "dependencies": {
        "tslib": "2.3.0",
        "zrender": "5.6.0"
      }
    },
    "node_modules/tslib": {
      "version": "2.3.0",
      "resolved": "https://registry.npmjs.org/tslib/-/tslib-2.3.0.tgz",
      "integrity": "sha512-N82ooyxVNm6h1riLCoyS9e3fuJ3AMG2zIZs2Gd1ATcSFjSA23Q0fzjjZeh0jbJvWVDZ0cJT8yaNNaaXHzueNjg=="
    },
    "node_modules/vue-chartjs": {
      "version": "5.3.1",
      "resolved": "https://registry.npmjs.org/vue-chartjs/-/vue-chartjs-5.3.1.tgz",
      "integrity": "sha512-rZjqcHBxKiHrBl0CIvcOlVEBwRhpWAVf6rDU3vUfa7HuSRmGtCslc0Oc8m16oAVuk0erzc1FCtH1VCriHsrz+A==",
      "peerDependencies": {
        "chart.js": "^4.1.1",
        "vue": "^3.0.0-0 || ^2.7.0"
      }
    },
    "node_modules/vue-demi": {
      "version": "0.13.11",
      "resolved": "https://registry.npmjs.org/vue-demi/-/vue-demi-0.13.11.tgz",
      "integrity": "sha512-IR8HoEEGM65YY3ZJYAjMlKygDQn25D5ajNFNoKh9RSDMQtlzCxtfQjdQgv9jjK+m3377SsJXY8ysq8kLCZL25A==",
      "hasInstallScript": true,
      "bin": {
        "vue-demi-fix": "bin/vue-demi-fix.js",
        "vue-demi-switch": "bin/vue-demi-switch.js"
      },
      "engines": {
        "node": ">=12"
      },
      "funding": {
        "url": "https://github.com/sponsors/antfu"
      },
      "peerDependencies": {
        "@vue/composition-api": "^1.0.0-rc.1",
        "vue": "^3.0.0-0 || ^2.6.0"
      },
      "peerDependenciesMeta": {
        "@vue/composition-api": {
          "optional": true
        }
      }
    },
    "node_modules/vue-echarts": {
      "version": "7.0.3",
      "resolved": "https://registry.npmjs.org/vue-echarts/-/vue-echarts-7.0.3.tgz",
      "integrity": "sha512-/jSxNwOsw5+dYAUcwSfkLwKPuzTQ0Cepz1LxCOpj2QcHrrmUa/Ql0eQqMmc1rTPQVrh2JQ29n2dhq75ZcHvRDw==",
      "dependencies": {
        "vue-demi": "^0.13.11"
      },
      "peerDependencies": {
        "@vue/runtime-core": "^3.0.0",
        "echarts": "^5.5.1",
        "vue": "^2.7.0 || ^3.1.1"
      },
      "peerDependenciesMeta": {
        "@vue/runtime-core": {
          "optional": true
        }
      }
    },
    "node_modules/vue-simple-password-meter": {
      "version": "1.3.4",
      "resolved": "https://registry.npmjs.org/vue-simple-password-meter/-/vue-simple-password-meter-1.3.4.tgz",
      "integrity": "sha512-tsulwVHtiYXP8OwUqqSt/hKmsJsUqsKBCdEL5+Wp0UCr9fPUwKq3dRorvPzBLQZFUAXAChxwZWbLKiyC+pSgpw=="
    },
    "node_modules/zrender": {
      "version": "5.6.0",
      "resolved": "https://registry.npmjs.org/zrender/-/zrender-5.6.0.tgz",
      "integrity": "sha512-uzgraf4njmmHAbEUxMJ8Oxg+P3fT04O+9p7gY+wJRVxo8Ge+KmYv0WJev945EH4wFuc4OY2NLXz46FZrWS9xJg==",
      "dependencies": {
        "tslib": "2.3.0"
      }
    }
  },
  "dependencies": {
    "@kurkle/color": {
      "version": "0.3.2",
      "resolved": "https://registry.npmjs.org/@kurkle/color/-/color-0.3.2.tgz",
      "integrity": "sha512-fuscdXJ9G1qb7W8VdHi+IwRqij3lBkosAm4ydQtEmbY58OzHXqQhvlxqEkoz0yssNVn38bcpRWgA9PP+OGoisw=="
    },
    "chart.js": {
      "version": "4.4.4",
      "resolved": "https://registry.npmjs.org/chart.js/-/chart.js-4.4.4.tgz",
      "integrity": "sha512-emICKGBABnxhMjUjlYRR12PmOXhJ2eJjEHL2/dZlWjxRAZT1D8xplLFq5M0tMQK8ja+wBS/tuVEJB5C6r7VxJA==",
      "requires": {
        "@kurkle/color": "^0.3.0"
      }
    },
    "echarts": {
      "version": "5.5.1",
      "resolved": "https://registry.npmjs.org/echarts/-/echarts-5.5.1.tgz",
      "integrity": "sha512-Fce8upazaAXUVUVsjgV6mBnGuqgO+JNDlcgF79Dksy4+wgGpQB2lmYoO4TSweFg/mZITdpGHomw/cNBJZj1icA==",
      "requires": {
        "tslib": "2.3.0",
        "zrender": "5.6.0"
      }
    },
    "tslib": {
      "version": "2.3.0",
      "resolved": "https://registry.npmjs.org/tslib/-/tslib-2.3.0.tgz",
      "integrity": "sha512-N82ooyxVNm6h1riLCoyS9e3fuJ3AMG2zIZs2Gd1ATcSFjSA23Q0fzjjZeh0jbJvWVDZ0cJT8yaNNaaXHzueNjg=="
    },
    "vue-chartjs": {
      "version": "5.3.1",
      "resolved": "https://registry.npmjs.org/vue-chartjs/-/vue-chartjs-5.3.1.tgz",
      "integrity": "sha512-rZjqcHBxKiHrBl0CIvcOlVEBwRhpWAVf6rDU3vUfa7HuSRmGtCslc0Oc8m16oAVuk0erzc1FCtH1VCriHsrz+A=="
    },
    "vue-demi": {
      "version": "0.13.11",
      "resolved": "https://registry.npmjs.org/vue-demi/-/vue-demi-0.13.11.tgz",
      "integrity": "sha512-IR8HoEEGM65YY3ZJYAjMlKygDQn25D5ajNFNoKh9RSDMQtlzCxtfQjdQgv9jjK+m3377SsJXY8ysq8kLCZL25A=="
    },
    "vue-echarts": {
      "version": "7.0.3",
      "resolved": "https://registry.npmjs.org/vue-echarts/-/vue-echarts-7.0.3.tgz",
      "integrity": "sha512-/jSxNwOsw5+dYAUcwSfkLwKPuzTQ0Cepz1LxCOpj2QcHrrmUa/Ql0eQqMmc1rTPQVrh2JQ29n2dhq75ZcHvRDw==",
      "requires": {
        "vue-demi": "^0.13.11"
      }
    },
    "vue-simple-password-meter": {
      "version": "1.3.4",
      "resolved": "https://registry.npmjs.org/vue-simple-password-meter/-/vue-simple-password-meter-1.3.4.tgz",
      "integrity": "sha512-tsulwVHtiYXP8OwUqqSt/hKmsJsUqsKBCdEL5+Wp0UCr9fPUwKq3dRorvPzBLQZFUAXAChxwZWbLKiyC+pSgpw=="
    },
    "zrender": {
      "version": "5.6.0",
      "resolved": "https://registry.npmjs.org/zrender/-/zrender-5.6.0.tgz",
      "integrity": "sha512-uzgraf4njmmHAbEUxMJ8Oxg+P3fT04O+9p7gY+wJRVxo8Ge+KmYv0WJev945EH4wFuc4OY2NLXz46FZrWS9xJg==",
      "requires": {
        "tslib": "2.3.0"
      }
    }
  }
}
